// !$*UTF8*$!
{
	archiveVersion = 1;
	classes = {
	};
	objectVersion = 50;
	objects = {

/* Begin PBXBuildFile section */
		2C420D152668C96800F991F2 /* SchoolsProvider.swift in Sources */ = {isa = PBXBuildFile; fileRef = 2C420D142668C96800F991F2 /* SchoolsProvider.swift */; };
		2C420D162668C96800F991F2 /* SchoolsProvider.swift in Sources */ = {isa = PBXBuildFile; fileRef = 2C420D142668C96800F991F2 /* SchoolsProvider.swift */; };
		2C68716A266A85AE00B8F2E0 /* SchoolService.swift in Sources */ = {isa = PBXBuildFile; fileRef = 2C687169266A85AE00B8F2E0 /* SchoolService.swift */; };
		2C84F9E2265EA8A300BE0765 /* _0210526_BornaLibertines_NYCSchoolsApp.swift in Sources */ = {isa = PBXBuildFile; fileRef = 2C84F9CF265EA88A00BE0765 /* _0210526_BornaLibertines_NYCSchoolsApp.swift */; };
		2C84F9E3265EA8A300BE0765 /* _0210526_BornaLibertines_NYCSchoolsApp.swift in Sources */ = {isa = PBXBuildFile; fileRef = 2C84F9CF265EA88A00BE0765 /* _0210526_BornaLibertines_NYCSchoolsApp.swift */; };
		2C84F9E4265EA8A300BE0765 /* ContentView.swift in Sources */ = {isa = PBXBuildFile; fileRef = 2C84F9D0265EA88A00BE0765 /* ContentView.swift */; };
		2C84F9E5265EA8A300BE0765 /* ContentView.swift in Sources */ = {isa = PBXBuildFile; fileRef = 2C84F9D0265EA88A00BE0765 /* ContentView.swift */; };
		2C84F9E6265EA8A300BE0765 /* Assets.xcassets in Resources */ = {isa = PBXBuildFile; fileRef = 2C84F9D1265EA8A300BE0765 /* Assets.xcassets */; };
		2C84F9E7265EA8A300BE0765 /* Assets.xcassets in Resources */ = {isa = PBXBuildFile; fileRef = 2C84F9D1265EA8A300BE0765 /* Assets.xcassets */; };
		2C84F9F5265EAD1A00BE0765 /* SchoolModel.swift in Sources */ = {isa = PBXBuildFile; fileRef = 2C84F9F4265EAD1A00BE0765 /* SchoolModel.swift */; };
		2C84F9F8265EB7EF00BE0765 /* SchoolListVM.swift in Sources */ = {isa = PBXBuildFile; fileRef = 2C84F9F7265EB7EF00BE0765 /* SchoolListVM.swift */; };
		2C84F9FB265ED57B00BE0765 /* SchoolView.swift in Sources */ = {isa = PBXBuildFile; fileRef = 2C84F9FA265ED57B00BE0765 /* SchoolView.swift */; };
		2C84F9FD265EEE5100BE0765 /* DetailView.swift in Sources */ = {isa = PBXBuildFile; fileRef = 2C84F9FC265EEE5100BE0765 /* DetailView.swift */; };
/* End PBXBuildFile section */

/* Begin PBXFileReference section */
		2C420D142668C96800F991F2 /* SchoolsProvider.swift */ = {isa = PBXFileReference; lastKnownFileType = sourcecode.swift; path = SchoolsProvider.swift; sourceTree = "<group>"; };
		2C687169266A85AE00B8F2E0 /* SchoolService.swift */ = {isa = PBXFileReference; lastKnownFileType = sourcecode.swift; path = SchoolService.swift; sourceTree = "<group>"; };
		2C84F9CF265EA88A00BE0765 /* _0210526_BornaLibertines_NYCSchoolsApp.swift */ = {isa = PBXFileReference; lastKnownFileType = sourcecode.swift; path = _0210526_BornaLibertines_NYCSchoolsApp.swift; sourceTree = "<group>"; };
		2C84F9D0265EA88A00BE0765 /* ContentView.swift */ = {isa = PBXFileReference; lastKnownFileType = sourcecode.swift; path = ContentView.swift; sourceTree = "<group>"; };
		2C84F9D1265EA8A300BE0765 /* Assets.xcassets */ = {isa = PBXFileReference; lastKnownFileType = folder.assetcatalog; path = Assets.xcassets; sourceTree = "<group>"; };
		2C84F9D6265EA8A300BE0765 /* 20210526-BornaLibertines-NYCSchools.app */ = {isa = PBXFileReference; explicitFileType = wrapper.application; includeInIndex = 0; path = "20210526-BornaLibertines-NYCSchools.app"; sourceTree = BUILT_PRODUCTS_DIR; };
		2C84F9D9265EA8A300BE0765 /* Info.plist */ = {isa = PBXFileReference; lastKnownFileType = text.plist.xml; path = Info.plist; sourceTree = "<group>"; };
		2C84F9DE265EA8A300BE0765 /* 20210526-BornaLibertines-NYCSchools.app */ = {isa = PBXFileReference; explicitFileType = wrapper.application; includeInIndex = 0; path = "20210526-BornaLibertines-NYCSchools.app"; sourceTree = BUILT_PRODUCTS_DIR; };
		2C84F9E0265EA8A300BE0765 /* Info.plist */ = {isa = PBXFileReference; lastKnownFileType = text.plist.xml; path = Info.plist; sourceTree = "<group>"; };
		2C84F9E1265EA8A300BE0765 /* macOS.entitlements */ = {isa = PBXFileReference; lastKnownFileType = text.plist.entitlements; path = macOS.entitlements; sourceTree = "<group>"; };
		2C84F9F4265EAD1A00BE0765 /* SchoolModel.swift */ = {isa = PBXFileReference; lastKnownFileType = sourcecode.swift; path = SchoolModel.swift; sourceTree = "<group>"; };
		2C84F9F7265EB7EF00BE0765 /* SchoolListVM.swift */ = {isa = PBXFileReference; lastKnownFileType = sourcecode.swift; path = SchoolListVM.swift; sourceTree = "<group>"; };
		2C84F9FA265ED57B00BE0765 /* SchoolView.swift */ = {isa = PBXFileReference; lastKnownFileType = sourcecode.swift; path = SchoolView.swift; sourceTree = "<group>"; };
		2C84F9FC265EEE5100BE0765 /* DetailView.swift */ = {isa = PBXFileReference; lastKnownFileType = sourcecode.swift; path = DetailView.swift; sourceTree = "<group>"; };
		2C84F9FE265FD6BD00BE0765 /* 20210526-BornaLibertines-NYCSchools.entitlements */ = {isa = PBXFileReference; lastKnownFileType = text.plist.entitlements; path = "20210526-BornaLibertines-NYCSchools.entitlements"; sourceTree = "<group>"; };
/* End PBXFileReference section */

/* Begin PBXFrameworksBuildPhase section */
		2C84F9D3265EA8A300BE0765 /* Frameworks */ = {
			isa = PBXFrameworksBuildPhase;
			buildActionMask = 2147483647;
			files = (
			);
			runOnlyForDeploymentPostprocessing = 0;
		};
		2C84F9DB265EA8A300BE0765 /* Frameworks */ = {
			isa = PBXFrameworksBuildPhase;
			buildActionMask = 2147483647;
			files = (
			);
			runOnlyForDeploymentPostprocessing = 0;
		};
/* End PBXFrameworksBuildPhase section */

/* Begin PBXGroup section */
		2C84F9C9265EA88300BE0765 = {
			isa = PBXGroup;
			children = (
				2C84F9FE265FD6BD00BE0765 /* 20210526-BornaLibertines-NYCSchools.entitlements */,
				2C84F9CE265EA88A00BE0765 /* Shared */,
				2C84F9D8265EA8A300BE0765 /* iOS */,
				2C84F9DF265EA8A300BE0765 /* macOS */,
				2C84F9D7265EA8A300BE0765 /* Products */,
			);
			sourceTree = "<group>";
		};
		2C84F9CE265EA88A00BE0765 /* Shared */ = {
			isa = PBXGroup;
			children = (
				2C84F9F9265ED55500BE0765 /* View */,
				2C84F9F6265EB74D00BE0765 /* ViewModel */,
				2C84F9F3265EACF900BE0765 /* Model */,
				2C84F9F0265EA96A00BE0765 /* WebService */,
				2C84F9CF265EA88A00BE0765 /* _0210526_BornaLibertines_NYCSchoolsApp.swift */,
				2C84F9D0265EA88A00BE0765 /* ContentView.swift */,
				2C84F9D1265EA8A300BE0765 /* Assets.xcassets */,
				2C420D142668C96800F991F2 /* SchoolsProvider.swift */,
			);
			path = Shared;
			sourceTree = "<group>";
		};
		2C84F9D7265EA8A300BE0765 /* Products */ = {
			isa = PBXGroup;
			children = (
				2C84F9D6265EA8A300BE0765 /* 20210526-BornaLibertines-NYCSchools.app */,
				2C84F9DE265EA8A300BE0765 /* 20210526-BornaLibertines-NYCSchools.app */,
			);
			name = Products;
			sourceTree = "<group>";
		};
		2C84F9D8265EA8A300BE0765 /* iOS */ = {
			isa = PBXGroup;
			children = (
				2C84F9D9265EA8A300BE0765 /* Info.plist */,
			);
			path = iOS;
			sourceTree = "<group>";
		};
		2C84F9DF265EA8A300BE0765 /* macOS */ = {
			isa = PBXGroup;
			children = (
				2C84F9E0265EA8A300BE0765 /* Info.plist */,
				2C84F9E1265EA8A300BE0765 /* macOS.entitlements */,
			);
			path = macOS;
			sourceTree = "<group>";
		};
		2C84F9F0265EA96A00BE0765 /* WebService */ = {
			isa = PBXGroup;
			children = (
				2C687169266A85AE00B8F2E0 /* SchoolService.swift */,
			);
			path = WebService;
			sourceTree = "<group>";
		};
		2C84F9F3265EACF900BE0765 /* Model */ = {
			isa = PBXGroup;
			children = (
				2C84F9F4265EAD1A00BE0765 /* SchoolModel.swift */,
			);
			path = Model;
			sourceTree = "<group>";
		};
		2C84F9F6265EB74D00BE0765 /* ViewModel */ = {
			isa = PBXGroup;
			children = (
				2C84F9F7265EB7EF00BE0765 /* SchoolListVM.swift */,
			);
			path = ViewModel;
			sourceTree = "<group>";
		};
		2C84F9F9265ED55500BE0765 /* View */ = {
			isa = PBXGroup;
			children = (
				2C84F9FA265ED57B00BE0765 /* SchoolView.swift */,
				2C84F9FC265EEE5100BE0765 /* DetailView.swift */,
			);
			path = View;
			sourceTree = "<group>";
		};
/* End PBXGroup section */

/* Begin PBXNativeTarget section */
		2C84F9D5265EA8A300BE0765 /* 20210526-BornaLibertines-NYCSchools (iOS) */ = {
			isa = PBXNativeTarget;
			buildConfigurationList = 2C84F9EA265EA8A300BE0765 /* Build configuration list for PBXNativeTarget "20210526-BornaLibertines-NYCSchools (iOS)" */;
			buildPhases = (
				2C84F9D2265EA8A300BE0765 /* Sources */,
				2C84F9D3265EA8A300BE0765 /* Frameworks */,
				2C84F9D4265EA8A300BE0765 /* Resources */,
			);
			buildRules = (
			);
			dependencies = (
			);
			name = "20210526-BornaLibertines-NYCSchools (iOS)";
			productName = "20210526-BornaLibertines-NYCSchools (iOS)";
			productReference = 2C84F9D6265EA8A300BE0765 /* 20210526-BornaLibertines-NYCSchools.app */;
			productType = "com.apple.product-type.application";
		};
		2C84F9DD265EA8A300BE0765 /* 20210526-BornaLibertines-NYCSchools (macOS) */ = {
			isa = PBXNativeTarget;
			buildConfigurationList = 2C84F9ED265EA8A300BE0765 /* Build configuration list for PBXNativeTarget "20210526-BornaLibertines-NYCSchools (macOS)" */;
			buildPhases = (
				2C84F9DA265EA8A300BE0765 /* Sources */,
				2C84F9DB265EA8A300BE0765 /* Frameworks */,
				2C84F9DC265EA8A300BE0765 /* Resources */,
			);
			buildRules = (
			);
			dependencies = (
			);
			name = "20210526-BornaLibertines-NYCSchools (macOS)";
			productName = "20210526-BornaLibertines-NYCSchools (macOS)";
			productReference = 2C84F9DE265EA8A300BE0765 /* 20210526-BornaLibertines-NYCSchools.app */;
			productType = "com.apple.product-type.application";
		};
/* End PBXNativeTarget section */

/* Begin PBXProject section */
		2C84F9CA265EA88300BE0765 /* Project object */ = {
			isa = PBXProject;
			attributes = {
				LastSwiftUpdateCheck = 1250;
				LastUpgradeCheck = 1250;
				TargetAttributes = {
					2C84F9D5265EA8A300BE0765 = {
						CreatedOnToolsVersion = 12.5;
					};
					2C84F9DD265EA8A300BE0765 = {
						CreatedOnToolsVersion = 12.5;
					};
				};
			};
			buildConfigurationList = 2C84F9CD265EA88300BE0765 /* Build configuration list for PBXProject "20210526-BornaLibertines-NYCSchools" */;
			compatibilityVersion = "Xcode 9.3";
			developmentRegion = en;
			hasScannedForEncodings = 0;
			knownRegions = (
				en,
				Base,
			);
			mainGroup = 2C84F9C9265EA88300BE0765;
			productRefGroup = 2C84F9D7265EA8A300BE0765 /* Products */;
			projectDirPath = "";
			projectRoot = "";
			targets = (
				2C84F9D5265EA8A300BE0765 /* 20210526-BornaLibertines-NYCSchools (iOS) */,
				2C84F9DD265EA8A300BE0765 /* 20210526-BornaLibertines-NYCSchools (macOS) */,
			);
		};
/* End PBXProject section */

/* Begin PBXResourcesBuildPhase section */
		2C84F9D4265EA8A300BE0765 /* Resources */ = {
			isa = PBXResourcesBuildPhase;
			buildActionMask = 2147483647;
			files = (
				2C84F9E6265EA8A300BE0765 /* Assets.xcassets in Resources */,
			);
			runOnlyForDeploymentPostprocessing = 0;
		};
		2C84F9DC265EA8A300BE0765 /* Resources */ = {
			isa = PBXResourcesBuildPhase;
			buildActionMask = 2147483647;
			files = (
				2C84F9E7265EA8A300BE0765 /* Assets.xcassets in Resources */,
			);
			runOnlyForDeploymentPostprocessing = 0;
		};
/* End PBXResourcesBuildPhase section */

/* Begin PBXSourcesBuildPhase section */
		2C84F9D2265EA8A300BE0765 /* Sources */ = {
			isa = PBXSourcesBuildPhase;
			buildActionMask = 2147483647;
			files = (
				2C84F9FB265ED57B00BE0765 /* SchoolView.swift in Sources */,
				2C420D152668C96800F991F2 /* SchoolsProvider.swift in Sources */,
				2C68716A266A85AE00B8F2E0 /* SchoolService.swift in Sources */,
				2C84F9E4265EA8A300BE0765 /* ContentView.swift in Sources */,
				2C84F9F8265EB7EF00BE0765 /* SchoolListVM.swift in Sources */,
				2C84F9FD265EEE5100BE0765 /* DetailView.swift in Sources */,
				2C84F9F5265EAD1A00BE0765 /* SchoolModel.swift in Sources */,
				2C84F9E2265EA8A300BE0765 /* _0210526_BornaLibertines_NYCSchoolsApp.swift in Sources */,
			);
			runOnlyForDeploymentPostprocessing = 0;
		};
		2C84F9DA265EA8A300BE0765 /* Sources */ = {
			isa = PBXSourcesBuildPhase;
			buildActionMask = 2147483647;
			files = (
				2C84F9E5265EA8A300BE0765 /* ContentView.swift in Sources */,
				2C420D162668C96800F991F2 /* SchoolsProvider.swift in Sources */,
				2C84F9E3265EA8A300BE0765 /* _0210526_BornaLibertines_NYCSchoolsApp.swift in Sources */,
			);
			runOnlyForDeploymentPostprocessing = 0;
		};
/* End PBXSourcesBuildPhase section */

/* Begin XCBuildConfiguration section */
		2C84F9E8265EA8A300BE0765 /* Debug */ = {
			isa = XCBuildConfiguration;
			buildSettings = {
				ALWAYS_SEARCH_USER_PATHS = NO;
				CLANG_ANALYZER_NONNULL = YES;
				CLANG_ANALYZER_NUMBER_OBJECT_CONVERSION = YES_AGGRESSIVE;
				CLANG_CXX_LANGUAGE_STANDARD = "gnu++14";
				CLANG_CXX_LIBRARY = "libc++";
				CLANG_ENABLE_MODULES = YES;
				CLANG_ENABLE_OBJC_ARC = YES;
				CLANG_ENABLE_OBJC_WEAK = YES;
				CLANG_WARN_BLOCK_CAPTURE_AUTORELEASING = YES;
				CLANG_WARN_BOOL_CONVERSION = YES;
				CLANG_WARN_COMMA = YES;
				CLANG_WARN_CONSTANT_CONVERSION = YES;
				CLANG_WARN_DEPRECATED_OBJC_IMPLEMENTATIONS = YES;
				CLANG_WARN_DIRECT_OBJC_ISA_USAGE = YES_ERROR;
				CLANG_WARN_DOCUMENTATION_COMMENTS = YES;
				CLANG_WARN_EMPTY_BODY = YES;
				CLANG_WARN_ENUM_CONVERSION = YES;
				CLANG_WARN_INFINITE_RECURSION = YES;
				CLANG_WARN_INT_CONVERSION = YES;
				CLANG_WARN_NON_LITERAL_NULL_CONVERSION = YES;
				CLANG_WARN_OBJC_IMPLICIT_RETAIN_SELF = YES;
				CLANG_WARN_OBJC_LITERAL_CONVERSION = YES;
				CLANG_WARN_OBJC_ROOT_CLASS = YES_ERROR;
				CLANG_WARN_QUOTED_INCLUDE_IN_FRAMEWORK_HEADER = YES;
				CLANG_WARN_RANGE_LOOP_ANALYSIS = YES;
				CLANG_WARN_STRICT_PROTOTYPES = YES;
				CLANG_WARN_SUSPICIOUS_MOVE = YES;
				CLANG_WARN_UNGUARDED_AVAILABILITY = YES_AGGRESSIVE;
				CLANG_WARN_UNREACHABLE_CODE = YES;
				CLANG_WARN__DUPLICATE_METHOD_MATCH = YES;
				COPY_PHASE_STRIP = NO;
				DEBUG_INFORMATION_FORMAT = dwarf;
				ENABLE_STRICT_OBJC_MSGSEND = YES;
				ENABLE_TESTABILITY = YES;
				GCC_C_LANGUAGE_STANDARD = gnu11;
				GCC_DYNAMIC_NO_PIC = NO;
				GCC_NO_COMMON_BLOCKS = YES;
				GCC_OPTIMIZATION_LEVEL = 0;
				GCC_PREPROCESSOR_DEFINITIONS = (
					"DEBUG=1",
					"$(inherited)",
				);
				GCC_WARN_64_TO_32_BIT_CONVERSION = YES;
				GCC_WARN_ABOUT_RETURN_TYPE = YES_ERROR;
				GCC_WARN_UNDECLARED_SELECTOR = YES;
				GCC_WARN_UNINITIALIZED_AUTOS = YES_AGGRESSIVE;
				GCC_WARN_UNUSED_FUNCTION = YES;
				GCC_WARN_UNUSED_VARIABLE = YES;
				MTL_ENABLE_DEBUG_INFO = INCLUDE_SOURCE;
				MTL_FAST_MATH = YES;
				ONLY_ACTIVE_ARCH = YES;
				SWIFT_ACTIVE_COMPILATION_CONDITIONS = DEBUG;
				SWIFT_OPTIMIZATION_LEVEL = "-Onone";
			};
			name = Debug;
		};
		2C84F9E9265EA8A300BE0765 /* Release */ = {
			isa = XCBuildConfiguration;
			buildSettings = {
				ALWAYS_SEARCH_USER_PATHS = NO;
				CLANG_ANALYZER_NONNULL = YES;
				CLANG_ANALYZER_NUMBER_OBJECT_CONVERSION = YES_AGGRESSIVE;
				CLANG_CXX_LANGUAGE_STANDARD = "gnu++14";
				CLANG_CXX_LIBRARY = "libc++";
				CLANG_ENABLE_MODULES = YES;
				CLANG_ENABLE_OBJC_ARC = YES;
				CLANG_ENABLE_OBJC_WEAK = YES;
				CLANG_WARN_BLOCK_CAPTURE_AUTORELEASING = YES;
				CLANG_WARN_BOOL_CONVERSION = YES;
				CLANG_WARN_COMMA = YES;
				CLANG_WARN_CONSTANT_CONVERSION = YES;
				CLANG_WARN_DEPRECATED_OBJC_IMPLEMENTATIONS = YES;
				CLANG_WARN_DIRECT_OBJC_ISA_USAGE = YES_ERROR;
				CLANG_WARN_DOCUMENTATION_COMMENTS = YES;
				CLANG_WARN_EMPTY_BODY = YES;
				CLANG_WARN_ENUM_CONVERSION = YES;
				CLANG_WARN_INFINITE_RECURSION = YES;
				CLANG_WARN_INT_CONVERSION = YES;
				CLANG_WARN_NON_LITERAL_NULL_CONVERSION = YES;
				CLANG_WARN_OBJC_IMPLICIT_RETAIN_SELF = YES;
				CLANG_WARN_OBJC_LITERAL_CONVERSION = YES;
				CLANG_WARN_OBJC_ROOT_CLASS = YES_ERROR;
				CLANG_WARN_QUOTED_INCLUDE_IN_FRAMEWORK_HEADER = YES;
				CLANG_WARN_RANGE_LOOP_ANALYSIS = YES;
				CLANG_WARN_STRICT_PROTOTYPES = YES;
				CLANG_WARN_SUSPICIOUS_MOVE = YES;
				CLANG_WARN_UNGUARDED_AVAILABILITY = YES_AGGRESSIVE;
				CLANG_WARN_UNREACHABLE_CODE = YES;
				CLANG_WARN__DUPLICATE_METHOD_MATCH = YES;
				COPY_PHASE_STRIP = NO;
				DEBUG_INFORMATION_FORMAT = "dwarf-with-dsym";
				ENABLE_NS_ASSERTIONS = NO;
				ENABLE_STRICT_OBJC_MSGSEND = YES;
				GCC_C_LANGUAGE_STANDARD = gnu11;
				GCC_NO_COMMON_BLOCKS = YES;
				GCC_WARN_64_TO_32_BIT_CONVERSION = YES;
				GCC_WARN_ABOUT_RETURN_TYPE = YES_ERROR;
				GCC_WARN_UNDECLARED_SELECTOR = YES;
				GCC_WARN_UNINITIALIZED_AUTOS = YES_AGGRESSIVE;
				GCC_WARN_UNUSED_FUNCTION = YES;
				GCC_WARN_UNUSED_VARIABLE = YES;
				MTL_ENABLE_DEBUG_INFO = NO;
				MTL_FAST_MATH = YES;
				SWIFT_COMPILATION_MODE = wholemodule;
				SWIFT_OPTIMIZATION_LEVEL = "-O";
			};
			name = Release;
		};
		2C84F9EB265EA8A300BE0765 /* Debug */ = {
			isa = XCBuildConfiguration;
			buildSettings = {
				ASSETCATALOG_COMPILER_APPICON_NAME = AppIcon;
				ASSETCATALOG_COMPILER_GLOBAL_ACCENT_COLOR_NAME = AccentColor;
				CODE_SIGN_ENTITLEMENTS = "20210526-BornaLibertines-NYCSchools.entitlements";
				CODE_SIGN_STYLE = Automatic;
				DEVELOPMENT_TEAM = Y3HVN468NS;
				ENABLE_PREVIEWS = YES;
				INFOPLIST_FILE = iOS/Info.plist;
				IPHONEOS_DEPLOYMENT_TARGET = 14.0;
				LD_RUNPATH_SEARCH_PATHS = (
					"$(inherited)",
					"@executable_path/Frameworks",
				);
				PRODUCT_BUNDLE_IDENTIFIER = "com.b2studio.-0210526-BornaLibertines-NYCSchools";
				PRODUCT_NAME = "20210526-BornaLibertines-NYCSchools";
				SDKROOT = iphoneos;
				SUPPORTS_MACCATALYST = YES;
				SWIFT_VERSION = 5.0;
				TARGETED_DEVICE_FAMILY = "1,2";
			};
			name = Debug;
		};
		2C84F9EC265EA8A300BE0765 /* Release */ = {
			isa = XCBuildConfiguration;
			buildSettings = {
				ASSETCATALOG_COMPILER_APPICON_NAME = AppIcon;
				ASSETCATALOG_COMPILER_GLOBAL_ACCENT_COLOR_NAME = AccentColor;
				CODE_SIGN_ENTITLEMENTS = "20210526-BornaLibertines-NYCSchools.entitlements";
				CODE_SIGN_STYLE = Automatic;
				DEVELOPMENT_TEAM = Y3HVN468NS;
				ENABLE_PREVIEWS = YES;
				INFOPLIST_FILE = iOS/Info.plist;
				IPHONEOS_DEPLOYMENT_TARGET = 14.0;
				LD_RUNPATH_SEARCH_PATHS = (
					"$(inherited)",
					"@executable_path/Frameworks",
				);
				PRODUCT_BUNDLE_IDENTIFIER = "com.b2studio.-0210526-BornaLibertines-NYCSchools";
				PRODUCT_NAME = "20210526-BornaLibertines-NYCSchools";
				SDKROOT = iphoneos;
				SUPPORTS_MACCATALYST = YES;
				SWIFT_VERSION = 5.0;
				TARGETED_DEVICE_FAMILY = "1,2";
				VALIDATE_PRODUCT = YES;
			};
			name = Release;
		};
		2C84F9EE265EA8A300BE0765 /* Debug */ = {
			isa = XCBuildConfiguration;
			buildSettings = {
				ASSETCATALOG_COMPILER_APPICON_NAME = AppIcon;
				ASSETCATALOG_COMPILER_GLOBAL_ACCENT_COLOR_NAME = AccentColor;
				CODE_SIGN_ENTITLEMENTS = macOS/macOS.entitlements;
				CODE_SIGN_STYLE = Automatic;
				COMBINE_HIDPI_IMAGES = YES;
				DEVELOPMENT_TEAM = Y3HVN468NS;
				ENABLE_HARDENED_RUNTIME = YES;
				ENABLE_PREVIEWS = YES;
				INFOPLIST_FILE = macOS/Info.plist;
				LD_RUNPATH_SEARCH_PATHS = (
					"$(inherited)",
					"@executable_path/../Frameworks",
				);
				MACOSX_DEPLOYMENT_TARGET = 11.0;
				PRODUCT_BUNDLE_IDENTIFIER = "com.b2studio.-0210526-BornaLibertines-NYCSchools";
				PRODUCT_NAME = "20210526-BornaLibertines-NYCSchools";
				SDKROOT = macosx;
				SWIFT_VERSION = 5.0;
			};
			name = Debug;
		};
		2C84F9EF265EA8A300BE0765 /* Release */ = {
			isa = XCBuildConfiguration;
			buildSettings = {
				ASSETCATALOG_COMPILER_APPICON_NAME = AppIcon;
				ASSETCATALOG_COMPILER_GLOBAL_ACCENT_COLOR_NAME = AccentColor;
				CODE_SIGN_ENTITLEMENTS = macOS/macOS.entitlements;
				CODE_SIGN_STYLE = Automatic;
				COMBINE_HIDPI_IMAGES = YES;
				DEVELOPMENT_TEAM = Y3HVN468NS;
				ENABLE_HARDENED_RUNTIME = YES;
				ENABLE_PREVIEWS = YES;
				INFOPLIST_FILE = macOS/Info.plist;
				LD_RUNPATH_SEARCH_PATHS = (
					"$(inherited)",
					"@executable_path/../Frameworks",
				);
				MACOSX_DEPLOYMENT_TARGET = 11.0;
				PRODUCT_BUNDLE_IDENTIFIER = "com.b2studio.-0210526-BornaLibertines-NYCSchools";
				PRODUCT_NAME = "20210526-BornaLibertines-NYCSchools";
				SDKROOT = macosx;
				SWIFT_VERSION = 5.0;
			};
			name = Release;
		};
/* End XCBuildConfiguration section */

/* Begin XCConfigurationList section */
		2C84F9CD265EA88300BE0765 /* Build configuration list for PBXProject "20210526-BornaLibertines-NYCSchools" */ = {
			isa = XCConfigurationList;
			buildConfigurations = (
				2C84F9E8265EA8A300BE0765 /* Debug */,
				2C84F9E9265EA8A300BE0765 /* Release */,
			);
			defaultConfigurationIsVisible = 0;
			defaultConfigurationName = Release;
		};
		2C84F9EA265EA8A300BE0765 /* Build configuration list for PBXNativeTarget "20210526-BornaLibertines-NYCSchools (iOS)" */ = {
			isa = XCConfigurationList;
			buildConfigurations = (
				2C84F9EB265EA8A300BE0765 /* Debug */,
				2C84F9EC265EA8A300BE0765 /* Release */,
			);
			defaultConfigurationIsVisible = 0;
			defaultConfigurationName = Release;
		};
		2C84F9ED265EA8A300BE0765 /* Build configuration list for PBXNativeTarget "20210526-BornaLibertines-NYCSchools (macOS)" */ = {
			isa = XCConfigurationList;
			buildConfigurations = (
				2C84F9EE265EA8A300BE0765 /* Debug */,
				2C84F9EF265EA8A300BE0765 /* Release */,
			);
			defaultConfigurationIsVisible = 0;
			defaultConfigurationName = Release;
		};
/* End XCConfigurationList section */
	};
	rootObject = 2C84F9CA265EA88300BE0765 /* Project object */;
}
